
Microsoft Visual Studio Solution File, Format Version 12.00
# Visual Studio 14
VisualStudioVersion = 14.0.25123.0
MinimumVisualStudioVersion = 10.0.40219.1
Project("{FAE04EC0-301F-11D3-BF4B-00C04F79EFBC}") = "TicketBus", "TicketBus\TicketBus.csproj", "{D88EB5A7-6057-48C7-90B5-759186380CEB}"
EndProject
Project("{FAE04EC0-301F-11D3-BF4B-00C04F79EFBC}") = "TicketBus.Tests", "TicketBus.Tests\TicketBus.Tests.csproj", "{5AC5ABC6-F239-4CEB-A5BE-142E085E2F9F}"
EndProject
Global
	GlobalSection(SolutionConfigurationPlatforms) = preSolution
		Debug|Any CPU = Debug|Any CPU
		Release|Any CPU = Release|Any CPU
	EndGlobalSection
	GlobalSection(ProjectConfigurationPlatforms) = postSolution
		{D88EB5A7-6057-48C7-90B5-759186380CEB}.Debug|Any CPU.ActiveCfg = Debug|Any CPU
		{D88EB5A7-6057-48C7-90B5-759186380CEB}.Debug|Any CPU.Build.0 = Debug|Any CPU
		{D88EB5A7-6057-48C7-90B5-759186380CEB}.Release|Any CPU.ActiveCfg = Release|Any CPU
		{D88EB5A7-6057-48C7-90B5-759186380CEB}.Release|Any CPU.Build.0 = Release|Any CPU
		{5AC5ABC6-F239-4CEB-A5BE-142E085E2F9F}.Debug|Any CPU.ActiveCfg = Debug|Any CPU
		{5AC5ABC6-F239-4CEB-A5BE-142E085E2F9F}.Debug|Any CPU.Build.0 = Debug|Any CPU
		{5AC5ABC6-F239-4CEB-A5BE-142E085E2F9F}.Release|Any CPU.ActiveCfg = Release|Any CPU
		{5AC5ABC6-F239-4CEB-A5BE-142E085E2F9F}.Release|Any CPU.Build.0 = Release|Any CPU
	EndGlobalSection
	GlobalSection(SolutionProperties) = preSolution
		HideSolutionNode = FALSE
	EndGlobalSection
EndGlobal
